
Microsoft Visual Studio Solution File, Format Version 12.00
# Visual Studio Version 17
VisualStudioVersion = 17.6.33815.320
MinimumVisualStudioVersion = 10.0.40219.1
Project("{FAE04EC0-301F-11D3-BF4B-00C04F79EFBC}") = "Cdev_mod13", "Cdev_mod13\Cdev_mod13.csproj", "{1326D8B0-2DEC-4644-B989-B95E6A893B12}"
EndProject
Global
	GlobalSection(SolutionConfigurationPlatforms) = preSolution
		Debug|Any CPU = Debug|Any CPU
		Release|Any CPU = Release|Any CPU
	EndGlobalSection
	GlobalSection(ProjectConfigurationPlatforms) = postSolution
		{1326D8B0-2DEC-4644-B989-B95E6A893B12}.Debug|Any CPU.ActiveCfg = Debug|Any CPU
		{1326D8B0-2DEC-4644-B989-B95E6A893B12}.Debug|Any CPU.Build.0 = Debug|Any CPU
		{1326D8B0-2DEC-4644-B989-B95E6A893B12}.Release|Any CPU.ActiveCfg = Release|Any CPU
		{1326D8B0-2DEC-4644-B989-B95E6A893B12}.Release|Any CPU.Build.0 = Release|Any CPU
	EndGlobalSection
	GlobalSection(SolutionProperties) = preSolution
		HideSolutionNode = FALSE
	EndGlobalSection
	GlobalSection(ExtensibilityGlobals) = postSolution
		SolutionGuid = {B8E5E682-3754-4EBD-B28F-C71E0E0083E5}
	EndGlobalSection
EndGlobal
